Microsoft Visual Studio Solution File, Format Version 12.00
# Visual Studio Version 17
VisualStudioVersion = 17.0.31903.59
MinimumVisualStudioVersion = 10.0.40219.1
Project("{2150E333-8FDC-42A3-9474-1A3956D46DE8}") = "src", "src", "{A1B2C3D4-E5F6-7890-ABCD-123456789012}"
EndProject
Project("{2150E333-8FDC-42A3-9474-1A3956D46DE8}") = "Services", "Services", "{E96D73AB-2255-4FA1-92B8-8A5DE7B48E5A}"
EndProject
Project("{2150E333-8FDC-42A3-9474-1A3956D46DE8}") = "ApiGateways", "ApiGateways", "{A6A7D5F7-2003-4138-9955-09D183ACE21D}"
EndProject
Project("{2150E333-8FDC-42A3-9474-1A3956D46DE8}") = "Web", "Web", "{842B82E9-1686-42D0-9A54-AED2C53D4CBF}"
EndProject
Project("{2150E333-8FDC-42A3-9474-1A3956D46DE8}") = "BuildingBlocks", "BuildingBlocks", "{431A1C8F-BD4D-47FC-8813-FB9948A66556}"
EndProject
Project("{FAE04EC0-301F-11D3-BF4B-00C04F79EFBC}") = "Identity.API", "src\Services\Identity\Identity.API\Identity.API.csproj", "{DB400262-F606-4322-B8A8-DFB904CA3A89}"
EndProject
Project("{FAE04EC0-301F-11D3-BF4B-00C04F79EFBC}") = "Product.API", "src\Services\Product\Product.API\Product.API.csproj", "{6C3140B4-0F82-43BE-9440-4DAE6F2C8736}"
EndProject
Project("{FAE04EC0-301F-11D3-BF4B-00C04F79EFBC}") = "Order.API", "src\Services\Order\Order.API\Order.API.csproj", "{1185B4D1-579C-4102-982C-A802D5EF47E6}"
EndProject
Project("{FAE04EC0-301F-11D3-BF4B-00C04F79EFBC}") = "Payment.API", "src\Services\Payment\Payment.API\Payment.API.csproj", "{11A4978B-883B-475B-9684-3D06E55E9C17}"
EndProject
Project("{FAE04EC0-301F-11D3-BF4B-00C04F79EFBC}") = "Notification.API", "src\Services\Notification\Notification.API\Notification.API.csproj", "{2AD96FDD-D225-4334-89DD-FA36B0CCE2D0}"
EndProject
Project("{FAE04EC0-301F-11D3-BF4B-00C04F79EFBC}") = "ApiGateway", "src\ApiGateways\ApiGateway\ApiGateway.csproj", "{09CF6C4B-7DF4-487B-9677-35ED10B58918}"
EndProject
Project("{FAE04EC0-301F-11D3-BF4B-00C04F79EFBC}") = "Web.UI", "src\Web\Web.UI\Web.UI.csproj", "{0F94FD13-F5B3-453E-9D65-67615525484D}"
EndProject
Project("{FAE04EC0-301F-11D3-BF4B-00C04F79EFBC}") = "Admin.UI", "src\Web\Admin.UI\Admin.UI.csproj", "{BC8389F5-705E-43EC-B85B-9EC79F9B6599}"
EndProject
Project("{FAE04EC0-301F-11D3-BF4B-00C04F79EFBC}") = "EventBus.Messages", "src\BuildingBlocks\EventBus.Messages\EventBus.Messages.csproj", "{CD9CA5F4-9C5A-46E9-BE0A-57F349882B54}"
EndProject
Global
	GlobalSection(SolutionConfigurationPlatforms) = preSolution
		Debug|Any CPU = Debug|Any CPU
		Release|Any CPU = Release|Any CPU
	EndGlobalSection
	GlobalSection(ProjectConfigurationPlatforms) = postSolution
		{DB400262-F606-4322-B8A8-DFB904CA3A89}.Debug|Any CPU.ActiveCfg = Debug|Any CPU
		{DB400262-F606-4322-B8A8-DFB904CA3A89}.Debug|Any CPU.Build.0 = Debug|Any CPU
		{DB400262-F606-4322-B8A8-DFB904CA3A89}.Release|Any CPU.ActiveCfg = Release|Any CPU
		{DB400262-F606-4322-B8A8-DFB904CA3A89}.Release|Any CPU.Build.0 = Release|Any CPU
		{6C3140B4-0F82-43BE-9440-4DAE6F2C8736}.Debug|Any CPU.ActiveCfg = Debug|Any CPU
		{6C3140B4-0F82-43BE-9440-4DAE6F2C8736}.Debug|Any CPU.Build.0 = Debug|Any CPU
		{6C3140B4-0F82-43BE-9440-4DAE6F2C8736}.Release|Any CPU.ActiveCfg = Release|Any CPU
		{6C3140B4-0F82-43BE-9440-4DAE6F2C8736}.Release|Any CPU.Build.0 = Release|Any CPU
		{1185B4D1-579C-4102-982C-A802D5EF47E6}.Debug|Any CPU.ActiveCfg = Debug|Any CPU
		{1185B4D1-579C-4102-982C-A802D5EF47E6}.Debug|Any CPU.Build.0 = Debug|Any CPU
		{1185B4D1-579C-4102-982C-A802D5EF47E6}.Release|Any CPU.ActiveCfg = Release|Any CPU
		{1185B4D1-579C-4102-982C-A802D5EF47E6}.Release|Any CPU.Build.0 = Release|Any CPU
		{11A4978B-883B-475B-9684-3D06E55E9C17}.Debug|Any CPU.ActiveCfg = Debug|Any CPU
		{11A4978B-883B-475B-9684-3D06E55E9C17}.Debug|Any CPU.Build.0 = Debug|Any CPU
		{11A4978B-883B-475B-9684-3D06E55E9C17}.Release|Any CPU.ActiveCfg = Release|Any CPU
		{11A4978B-883B-475B-9684-3D06E55E9C17}.Release|Any CPU.Build.0 = Release|Any CPU
		{2AD96FDD-D225-4334-89DD-FA36B0CCE2D0}.Debug|Any CPU.ActiveCfg = Debug|Any CPU
		{2AD96FDD-D225-4334-89DD-FA36B0CCE2D0}.Debug|Any CPU.Build.0 = Debug|Any CPU
		{2AD96FDD-D225-4334-89DD-FA36B0CCE2D0}.Release|Any CPU.ActiveCfg = Release|Any CPU
		{2AD96FDD-D225-4334-89DD-FA36B0CCE2D0}.Release|Any CPU.Build.0 = Release|Any CPU
		{09CF6C4B-7DF4-487B-9677-35ED10B58918}.Debug|Any CPU.ActiveCfg = Debug|Any CPU
		{09CF6C4B-7DF4-487B-9677-35ED10B58918}.Debug|Any CPU.Build.0 = Debug|Any CPU
		{09CF6C4B-7DF4-487B-9677-35ED10B58918}.Release|Any CPU.ActiveCfg = Release|Any CPU
		{09CF6C4B-7DF4-487B-9677-35ED10B58918}.Release|Any CPU.Build.0 = Release|Any CPU
		{0F94FD13-F5B3-453E-9D65-67615525484D}.Debug|Any CPU.ActiveCfg = Debug|Any CPU
		{0F94FD13-F5B3-453E-9D65-67615525484D}.Debug|Any CPU.Build.0 = Debug|Any CPU
		{0F94FD13-F5B3-453E-9D65-67615525484D}.Release|Any CPU.ActiveCfg = Release|Any CPU
		{0F94FD13-F5B3-453E-9D65-67615525484D}.Release|Any CPU.Build.0 = Release|Any CPU
		{BC8389F5-705E-43EC-B85B-9EC79F9B6599}.Debug|Any CPU.ActiveCfg = Debug|Any CPU
		{BC8389F5-705E-43EC-B85B-9EC79F9B6599}.Debug|Any CPU.Build.0 = Debug|Any CPU
		{BC8389F5-705E-43EC-B85B-9EC79F9B6599}.Release|Any CPU.ActiveCfg = Release|Any CPU
		{BC8389F5-705E-43EC-B85B-9EC79F9B6599}.Release|Any CPU.Build.0 = Release|Any CPU
		{CD9CA5F4-9C5A-46E9-BE0A-57F349882B54}.Debug|Any CPU.ActiveCfg = Debug|Any CPU
		{CD9CA5F4-9C5A-46E9-BE0A-57F349882B54}.Debug|Any CPU.Build.0 = Debug|Any CPU
		{CD9CA5F4-9C5A-46E9-BE0A-57F349882B54}.Release|Any CPU.ActiveCfg = Release|Any CPU
		{CD9CA5F4-9C5A-46E9-BE0A-57F349882B54}.Release|Any CPU.Build.0 = Release|Any CPU
	EndGlobalSection
	GlobalSection(SolutionProperties) = preSolution
		HideSolutionNode = FALSE
	EndGlobalSection
	GlobalSection(NestedProjects) = preSolution
		{E96D73AB-2255-4FA1-92B8-8A5DE7B48E5A} = {A1B2C3D4-E5F6-7890-ABCD-123456789012}
		{A6A7D5F7-2003-4138-9955-09D183ACE21D} = {A1B2C3D4-E5F6-7890-ABCD-123456789012}
		{842B82E9-1686-42D0-9A54-AED2C53D4CBF} = {A1B2C3D4-E5F6-7890-ABCD-123456789012}
		{431A1C8F-BD4D-47FC-8813-FB9948A66556} = {A1B2C3D4-E5F6-7890-ABCD-123456789012}
		{DB400262-F606-4322-B8A8-DFB904CA3A89} = {E96D73AB-2255-4FA1-92B8-8A5DE7B48E5A}
		{6C3140B4-0F82-43BE-9440-4DAE6F2C8736} = {E96D73AB-2255-4FA1-92B8-8A5DE7B48E5A}
		{1185B4D1-579C-4102-982C-A802D5EF47E6} = {E96D73AB-2255-4FA1-92B8-8A5DE7B48E5A}
		{11A4978B-883B-475B-9684-3D06E55E9C17} = {E96D73AB-2255-4FA1-92B8-8A5DE7B48E5A}
		{2AD96FDD-D225-4334-89DD-FA36B0CCE2D0} = {E96D73AB-2255-4FA1-92B8-8A5DE7B48E5A}
		{09CF6C4B-7DF4-487B-9677-35ED10B58918} = {A6A7D5F7-2003-4138-9955-09D183ACE21D}
		{0F94FD13-F5B3-453E-9D65-67615525484D} = {842B82E9-1686-42D0-9A54-AED2C53D4CBF}
		{BC8389F5-705E-43EC-B85B-9EC79F9B6599} = {842B82E9-1686-42D0-9A54-AED2C53D4CBF}
		{CD9CA5F4-9C5A-46E9-BE0A-57F349882B54} = {431A1C8F-BD4D-47FC-8813-FB9948A66556}
	EndGlobalSection
EndGlobal
